
Microsoft Visual Studio Solution File, Format Version 12.00
# Visual Studio Version 16
VisualStudioVersion = 16.0.31205.134
MinimumVisualStudioVersion = 10.0.40219.1
Project("{FAE04EC0-301F-11D3-BF4B-00C04F79EFBC}") = "offlinSyncPOC", "offlinSyncPOC\offlinSyncPOC.csproj", "{199D241E-61CE-4C66-861B-8617CAC4E844}"
EndProject
Global
	GlobalSection(SolutionConfigurationPlatforms) = preSolution
		Debug|Any CPU = Debug|Any CPU
		Release|Any CPU = Release|Any CPU
	EndGlobalSection
	GlobalSection(ProjectConfigurationPlatforms) = postSolution
		{199D241E-61CE-4C66-861B-8617CAC4E844}.Debug|Any CPU.ActiveCfg = Debug|Any CPU
		{199D241E-61CE-4C66-861B-8617CAC4E844}.Debug|Any CPU.Build.0 = Debug|Any CPU
		{199D241E-61CE-4C66-861B-8617CAC4E844}.Release|Any CPU.ActiveCfg = Release|Any CPU
		{199D241E-61CE-4C66-861B-8617CAC4E844}.Release|Any CPU.Build.0 = Release|Any CPU
	EndGlobalSection
	GlobalSection(SolutionProperties) = preSolution
		HideSolutionNode = FALSE
	EndGlobalSection
	GlobalSection(ExtensibilityGlobals) = postSolution
		SolutionGuid = {16242BF3-782C-4860-B06C-B3B46B171E8E}
	EndGlobalSection
EndGlobal
